
Microsoft Visual Studio Solution File, Format Version 12.00
# Visual Studio Version 16
VisualStudioVersion = 16.0.31105.61
MinimumVisualStudioVersion = 10.0.40219.1
Project("{9A19103F-16F7-4668-BE54-9A1E7A4F7556}") = "SkillSharePortal_ServiceList", "SkillSharePortal_ServiceList.csproj", "{76520CA7-A7ED-4F48-9FB2-060465BAEDC9}"
EndProject
Global
	GlobalSection(SolutionConfigurationPlatforms) = preSolution
		Debug|Any CPU = Debug|Any CPU
		Release|Any CPU = Release|Any CPU
	EndGlobalSection
	GlobalSection(ProjectConfigurationPlatforms) = postSolution
		{76520CA7-A7ED-4F48-9FB2-060465BAEDC9}.Debug|Any CPU.ActiveCfg = Debug|Any CPU
		{76520CA7-A7ED-4F48-9FB2-060465BAEDC9}.Debug|Any CPU.Build.0 = Debug|Any CPU
		{76520CA7-A7ED-4F48-9FB2-060465BAEDC9}.Release|Any CPU.ActiveCfg = Release|Any CPU
		{76520CA7-A7ED-4F48-9FB2-060465BAEDC9}.Release|Any CPU.Build.0 = Release|Any CPU
	EndGlobalSection
	GlobalSection(SolutionProperties) = preSolution
		HideSolutionNode = FALSE
	EndGlobalSection
	GlobalSection(ExtensibilityGlobals) = postSolution
		SolutionGuid = {B00D4825-8764-4728-A057-EE1282B84C44}
	EndGlobalSection
EndGlobal
